{
  "name": "02_node",
  "version": "1.0.0",
  "lockfileVersion": 3,
  "requires": true,
  "packages": {
    "": {
      "name": "02_node",
      "version": "1.0.0",
      "license": "ISC",
      "dependencies": {
        "ansi-colors": "^4.1.3",
        "terminal": "^0.1.4"
      }
    },
    "node_modules/ansi-colors": {
      "version": "4.1.3",
      "resolved": "https://registry.npmjs.org/ansi-colors/-/ansi-colors-4.1.3.tgz",
      "integrity": "sha512-/6w/C21Pm1A7aZitlI5Ni/2J6FFQN8i1Cvz3kHABAAbw93v/NlvKdVOqz7CCWz/3iv/JplRSEEZ83XION15ovw==",
      "engines": {
        "node": ">=6"
      }
    },
    "node_modules/sprintf": {
      "version": "0.1.5",
      "resolved": "https://registry.npmjs.org/sprintf/-/sprintf-0.1.5.tgz",
      "integrity": "sha512-4X5KsuXFQ7f+d7Y+bi4qSb6eI+YoifDTGr0MQJXRoYO7BO7evfRCjds6kk3z7l5CiJYxgDN1x5Er4WiyCt+zTQ==",
      "deprecated": "The sprintf package is deprecated in favor of sprintf-js.",
      "engines": {
        "node": ">=0.2.4"
      }
    },
    "node_modules/terminal": {
      "version": "0.1.4",
      "resolved": "https://registry.npmjs.org/terminal/-/terminal-0.1.4.tgz",
      "integrity": "sha512-w6OAFpUO+TimZUdQ46dK3fYYOCCBIsS2QUfIEkzX21oJ8tvJOJvJkcmrbleLH5KG02SNohYFDj81bL3VPaULsQ==",
      "dependencies": {
        "sprintf": ">= 0.1.1"
      },
      "engines": {
        "node": ">= 0.4.0"
      }
    }
  }
}
